
Microsoft Visual Studio Solution File, Format Version 12.00
# Visual Studio Version 17
VisualStudioVersion = 17.0.32112.339
MinimumVisualStudioVersion = 10.0.40219.1
Project("{FAE04EC0-301F-11D3-BF4B-00C04F79EFBC}") = "TheBetterLimited-ManagementSystem", "TheBetterLimited-ManagementSystem\TheBetterLimited-ManagementSystem.csproj", "{0DF71779-9D44-4975-8CF7-D5C4A173F986}"
EndProject
Project("{FAE04EC0-301F-11D3-BF4B-00C04F79EFBC}") = "TheBetterLimited-Server", "TheBetterLimited-Server\TheBetterLimited-Server.csproj", "{8B44AD9A-47A8-481A-9FEE-70680854BC65}"
EndProject
Global
	GlobalSection(SolutionConfigurationPlatforms) = preSolution
		Debug|Any CPU = Debug|Any CPU
		Release|Any CPU = Release|Any CPU
	EndGlobalSection
	GlobalSection(ProjectConfigurationPlatforms) = postSolution
		{0DF71779-9D44-4975-8CF7-D5C4A173F986}.Debug|Any CPU.ActiveCfg = Debug|Any CPU
		{0DF71779-9D44-4975-8CF7-D5C4A173F986}.Debug|Any CPU.Build.0 = Debug|Any CPU
		{0DF71779-9D44-4975-8CF7-D5C4A173F986}.Release|Any CPU.ActiveCfg = Release|Any CPU
		{0DF71779-9D44-4975-8CF7-D5C4A173F986}.Release|Any CPU.Build.0 = Release|Any CPU
		{8B44AD9A-47A8-481A-9FEE-70680854BC65}.Debug|Any CPU.ActiveCfg = Debug|Any CPU
		{8B44AD9A-47A8-481A-9FEE-70680854BC65}.Debug|Any CPU.Build.0 = Debug|Any CPU
		{8B44AD9A-47A8-481A-9FEE-70680854BC65}.Release|Any CPU.ActiveCfg = Release|Any CPU
		{8B44AD9A-47A8-481A-9FEE-70680854BC65}.Release|Any CPU.Build.0 = Release|Any CPU
	EndGlobalSection
	GlobalSection(SolutionProperties) = preSolution
		HideSolutionNode = FALSE
	EndGlobalSection
	GlobalSection(ExtensibilityGlobals) = postSolution
		SolutionGuid = {F9339942-1429-4259-96F3-4E18FF7EA827}
	EndGlobalSection
EndGlobal
